
Microsoft Visual Studio Solution File, Format Version 12.00
# Visual Studio Version 16
VisualStudioVersion = 16.0.31424.327
MinimumVisualStudioVersion = 10.0.40219.1
Project("{FAE04EC0-301F-11D3-BF4B-00C04F79EFBC}") = "WebApiVeiculo", "WebApiVeiculo\WebApiVeiculo.csproj", "{8521DEEC-5B4D-486E-96B8-E776BA587988}"
EndProject
Project("{9A19103F-16F7-4668-BE54-9A1E7A4F7556}") = "Data", "..\..\..\Users\havan.DESADM34\source\repos\ApiSolution\Data\Data.csproj", "{A86F5885-43CF-4578-88F2-64EAB07D08B1}"
EndProject
Global
	GlobalSection(SolutionConfigurationPlatforms) = preSolution
		Debug|Any CPU = Debug|Any CPU
		Release|Any CPU = Release|Any CPU
	EndGlobalSection
	GlobalSection(ProjectConfigurationPlatforms) = postSolution
		{8521DEEC-5B4D-486E-96B8-E776BA587988}.Debug|Any CPU.ActiveCfg = Debug|Any CPU
		{8521DEEC-5B4D-486E-96B8-E776BA587988}.Debug|Any CPU.Build.0 = Debug|Any CPU
		{8521DEEC-5B4D-486E-96B8-E776BA587988}.Release|Any CPU.ActiveCfg = Release|Any CPU
		{8521DEEC-5B4D-486E-96B8-E776BA587988}.Release|Any CPU.Build.0 = Release|Any CPU
		{A86F5885-43CF-4578-88F2-64EAB07D08B1}.Debug|Any CPU.ActiveCfg = Debug|Any CPU
		{A86F5885-43CF-4578-88F2-64EAB07D08B1}.Debug|Any CPU.Build.0 = Debug|Any CPU
		{A86F5885-43CF-4578-88F2-64EAB07D08B1}.Release|Any CPU.ActiveCfg = Release|Any CPU
		{A86F5885-43CF-4578-88F2-64EAB07D08B1}.Release|Any CPU.Build.0 = Release|Any CPU
	EndGlobalSection
	GlobalSection(SolutionProperties) = preSolution
		HideSolutionNode = FALSE
	EndGlobalSection
	GlobalSection(ExtensibilityGlobals) = postSolution
		SolutionGuid = {EFF9F907-A704-422E-A198-93EDA61FD0D7}
	EndGlobalSection
EndGlobal
